
Microsoft Visual Studio Solution File, Format Version 10.00
# Visual Studio 2008
Project("{FAE04EC0-301F-11D3-BF4B-00C04F79EFBC}") = "SleepyRoutes", "SleepyRoutes\SleepyRoutes.csproj", "{DEBC421E-E8B3-4980-A95A-98BB65D0E912}"
EndProject
Global
	GlobalSection(SolutionConfigurationPlatforms) = preSolution
		Debug|Any CPU = Debug|Any CPU
		Release|Any CPU = Release|Any CPU
	EndGlobalSection
	GlobalSection(ProjectConfigurationPlatforms) = postSolution
		{DEBC421E-E8B3-4980-A95A-98BB65D0E912}.Debug|Any CPU.ActiveCfg = Debug|Any CPU
		{DEBC421E-E8B3-4980-A95A-98BB65D0E912}.Debug|Any CPU.Build.0 = Debug|Any CPU
		{DEBC421E-E8B3-4980-A95A-98BB65D0E912}.Release|Any CPU.ActiveCfg = Release|Any CPU
		{DEBC421E-E8B3-4980-A95A-98BB65D0E912}.Release|Any CPU.Build.0 = Release|Any CPU
	EndGlobalSection
	GlobalSection(SolutionProperties) = preSolution
		HideSolutionNode = FALSE
	EndGlobalSection
EndGlobal
